// !$*UTF8*$!
{
	archiveVersion = 1;
	classes = {
	};
	objectVersion = 46;
	objects = {

/* Begin PBXBuildFile section */
		655DB3F51CA69D4B009FC196 /* DetailViewController.swift in Sources */ = {isa = PBXBuildFile; fileRef = 655DB3F41CA69D4B009FC196 /* DetailViewController.swift */; };
		6590C2541C99538100FAD6A1 /* ItemCell.swift in Sources */ = {isa = PBXBuildFile; fileRef = 6590C2531C99538100FAD6A1 /* ItemCell.swift */; };
		65B43C381CAA2971007ACE3F /* CustomTextField.swift in Sources */ = {isa = PBXBuildFile; fileRef = 65B43C371CAA2971007ACE3F /* CustomTextField.swift */; };
		65B43C3A1CAA38F2007ACE3F /* DatePickerViewController.swift in Sources */ = {isa = PBXBuildFile; fileRef = 65B43C391CAA38F2007ACE3F /* DatePickerViewController.swift */; };
		65E383571C9191C400A5FC92 /* AppDelegate.swift in Sources */ = {isa = PBXBuildFile; fileRef = 65E383561C9191C400A5FC92 /* AppDelegate.swift */; };
		65E3835C1C9191C400A5FC92 /* Main.storyboard in Resources */ = {isa = PBXBuildFile; fileRef = 65E3835A1C9191C400A5FC92 /* Main.storyboard */; };
		65E3835E1C9191C400A5FC92 /* Assets.xcassets in Resources */ = {isa = PBXBuildFile; fileRef = 65E3835D1C9191C400A5FC92 /* Assets.xcassets */; };
		65E383611C9191C400A5FC92 /* LaunchScreen.storyboard in Resources */ = {isa = PBXBuildFile; fileRef = 65E3835F1C9191C400A5FC92 /* LaunchScreen.storyboard */; };
		65E383691C91967C00A5FC92 /* ItemsTableViewController.swift in Sources */ = {isa = PBXBuildFile; fileRef = 65E383681C91967C00A5FC92 /* ItemsTableViewController.swift */; };
		65E3836B1C9197F400A5FC92 /* Item.swift in Sources */ = {isa = PBXBuildFile; fileRef = 65E3836A1C9197F400A5FC92 /* Item.swift */; };
		65E3836D1C91AC3500A5FC92 /* ItemStore.swift in Sources */ = {isa = PBXBuildFile; fileRef = 65E3836C1C91AC3500A5FC92 /* ItemStore.swift */; };
/* End PBXBuildFile section */

/* Begin PBXFileReference section */
		655DB3F41CA69D4B009FC196 /* DetailViewController.swift */ = {isa = PBXFileReference; fileEncoding = 4; lastKnownFileType = sourcecode.swift; path = DetailViewController.swift; sourceTree = "<group>"; };
		6590C2531C99538100FAD6A1 /* ItemCell.swift */ = {isa = PBXFileReference; fileEncoding = 4; lastKnownFileType = sourcecode.swift; path = ItemCell.swift; sourceTree = "<group>"; };
		65B43C371CAA2971007ACE3F /* CustomTextField.swift */ = {isa = PBXFileReference; fileEncoding = 4; lastKnownFileType = sourcecode.swift; path = CustomTextField.swift; sourceTree = "<group>"; };
		65B43C391CAA38F2007ACE3F /* DatePickerViewController.swift */ = {isa = PBXFileReference; fileEncoding = 4; lastKnownFileType = sourcecode.swift; path = DatePickerViewController.swift; sourceTree = "<group>"; };
		65E383531C9191C400A5FC92 /* BNR_Homepwner.app */ = {isa = PBXFileReference; explicitFileType = wrapper.application; includeInIndex = 0; path = BNR_Homepwner.app; sourceTree = BUILT_PRODUCTS_DIR; };
		65E383561C9191C400A5FC92 /* AppDelegate.swift */ = {isa = PBXFileReference; lastKnownFileType = sourcecode.swift; path = AppDelegate.swift; sourceTree = "<group>"; };
		65E3835B1C9191C400A5FC92 /* Base */ = {isa = PBXFileReference; lastKnownFileType = file.storyboard; name = Base; path = Base.lproj/Main.storyboard; sourceTree = "<group>"; };
		65E3835D1C9191C400A5FC92 /* Assets.xcassets */ = {isa = PBXFileReference; lastKnownFileType = folder.assetcatalog; path = Assets.xcassets; sourceTree = "<group>"; };
		65E383601C9191C400A5FC92 /* Base */ = {isa = PBXFileReference; lastKnownFileType = file.storyboard; name = Base; path = Base.lproj/LaunchScreen.storyboard; sourceTree = "<group>"; };
		65E383621C9191C400A5FC92 /* Info.plist */ = {isa = PBXFileReference; lastKnownFileType = text.plist.xml; path = Info.plist; sourceTree = "<group>"; };
		65E383681C91967C00A5FC92 /* ItemsTableViewController.swift */ = {isa = PBXFileReference; fileEncoding = 4; lastKnownFileType = sourcecode.swift; path = ItemsTableViewController.swift; sourceTree = "<group>"; };
		65E3836A1C9197F400A5FC92 /* Item.swift */ = {isa = PBXFileReference; fileEncoding = 4; lastKnownFileType = sourcecode.swift; path = Item.swift; sourceTree = "<group>"; };
		65E3836C1C91AC3500A5FC92 /* ItemStore.swift */ = {isa = PBXFileReference; fileEncoding = 4; lastKnownFileType = sourcecode.swift; path = ItemStore.swift; sourceTree = "<group>"; };
/* End PBXFileReference section */

/* Begin PBXFrameworksBuildPhase section */
		65E383501C9191C400A5FC92 /* Frameworks */ = {
			isa = PBXFrameworksBuildPhase;
			buildActionMask = 2147483647;
			files = (
			);
			runOnlyForDeploymentPostprocessing = 0;
		};
/* End PBXFrameworksBuildPhase section */

/* Begin PBXGroup section */
		65E3834A1C9191C400A5FC92 = {
			isa = PBXGroup;
			children = (
				65E383551C9191C400A5FC92 /* BNR_Homepwner */,
				65E383541C9191C400A5FC92 /* Products */,
			);
			sourceTree = "<group>";
		};
		65E383541C9191C400A5FC92 /* Products */ = {
			isa = PBXGroup;
			children = (
				65E383531C9191C400A5FC92 /* BNR_Homepwner.app */,
			);
			name = Products;
			sourceTree = "<group>";
		};
		65E383551C9191C400A5FC92 /* BNR_Homepwner */ = {
			isa = PBXGroup;
			children = (
				65E383561C9191C400A5FC92 /* AppDelegate.swift */,
				65E3836A1C9197F400A5FC92 /* Item.swift */,
				6590C2531C99538100FAD6A1 /* ItemCell.swift */,
				65E3836C1C91AC3500A5FC92 /* ItemStore.swift */,
				65E383681C91967C00A5FC92 /* ItemsTableViewController.swift */,
				655DB3F41CA69D4B009FC196 /* DetailViewController.swift */,
				65B43C391CAA38F2007ACE3F /* DatePickerViewController.swift */,
				65B43C371CAA2971007ACE3F /* CustomTextField.swift */,
				65E3835A1C9191C400A5FC92 /* Main.storyboard */,
				65E3835D1C9191C400A5FC92 /* Assets.xcassets */,
				65E3835F1C9191C400A5FC92 /* LaunchScreen.storyboard */,
				65E383621C9191C400A5FC92 /* Info.plist */,
			);
			path = BNR_Homepwner;
			sourceTree = "<group>";
		};
/* End PBXGroup section */

/* Begin PBXNativeTarget section */
		65E383521C9191C400A5FC92 /* BNR_Homepwner */ = {
			isa = PBXNativeTarget;
			buildConfigurationList = 65E383651C9191C400A5FC92 /* Build configuration list for PBXNativeTarget "BNR_Homepwner" */;
			buildPhases = (
				65E3834F1C9191C400A5FC92 /* Sources */,
				65E383501C9191C400A5FC92 /* Frameworks */,
				65E383511C9191C400A5FC92 /* Resources */,
			);
			buildRules = (
			);
			dependencies = (
			);
			name = BNR_Homepwner;
			productName = BNR_Homepwner;
			productReference = 65E383531C9191C400A5FC92 /* BNR_Homepwner.app */;
			productType = "com.apple.product-type.application";
		};
/* End PBXNativeTarget section */

/* Begin PBXProject section */
		65E3834B1C9191C400A5FC92 /* Project object */ = {
			isa = PBXProject;
			attributes = {
				LastSwiftUpdateCheck = 0720;
				LastUpgradeCheck = 0720;
				ORGANIZATIONNAME = "Yohannes Wijaya";
				TargetAttributes = {
					65E383521C9191C400A5FC92 = {
						CreatedOnToolsVersion = 7.2.1;
						DevelopmentTeam = 4Z5JKF2M6S;
					};
				};
			};
			buildConfigurationList = 65E3834E1C9191C400A5FC92 /* Build configuration list for PBXProject "BNR_Homepwner" */;
			compatibilityVersion = "Xcode 3.2";
			developmentRegion = English;
			hasScannedForEncodings = 0;
			knownRegions = (
				en,
				Base,
			);
			mainGroup = 65E3834A1C9191C400A5FC92;
			productRefGroup = 65E383541C9191C400A5FC92 /* Products */;
			projectDirPath = "";
			projectRoot = "";
			targets = (
				65E383521C9191C400A5FC92 /* BNR_Homepwner */,
			);
		};
/* End PBXProject section */

/* Begin PBXResourcesBuildPhase section */
		65E383511C9191C400A5FC92 /* Resources */ = {
			isa = PBXResourcesBuildPhase;
			buildActionMask = 2147483647;
			files = (
				65E383611C9191C400A5FC92 /* LaunchScreen.storyboard in Resources */,
				65E3835E1C9191C400A5FC92 /* Assets.xcassets in Resources */,
				65E3835C1C9191C400A5FC92 /* Main.storyboard in Resources */,
			);
			runOnlyForDeploymentPostprocessing = 0;
		};
/* End PBXResourcesBuildPhase section */

/* Begin PBXSourcesBuildPhase section */
		65E3834F1C9191C400A5FC92 /* Sources */ = {
			isa = PBXSourcesBuildPhase;
			buildActionMask = 2147483647;
			files = (
				65B43C381CAA2971007ACE3F /* CustomTextField.swift in Sources */,
				65E383691C91967C00A5FC92 /* ItemsTableViewController.swift in Sources */,
				65E3836B1C9197F400A5FC92 /* Item.swift in Sources */,
				65E3836D1C91AC3500A5FC92 /* ItemStore.swift in Sources */,
				65B43C3A1CAA38F2007ACE3F /* DatePickerViewController.swift in Sources */,
				655DB3F51CA69D4B009FC196 /* DetailViewController.swift in Sources */,
				65E383571C9191C400A5FC92 /* AppDelegate.swift in Sources */,
				6590C2541C99538100FAD6A1 /* ItemCell.swift in Sources */,
			);
			runOnlyForDeploymentPostprocessing = 0;
		};
/* End PBXSourcesBuildPhase section */

/* Begin PBXVariantGroup section */
		65E3835A1C9191C400A5FC92 /* Main.storyboard */ = {
			isa = PBXVariantGroup;
			children = (
				65E3835B1C9191C400A5FC92 /* Base */,
			);
			name = Main.storyboard;
			sourceTree = "<group>";
		};
		65E3835F1C9191C400A5FC92 /* LaunchScreen.storyboard */ = {
			isa = PBXVariantGroup;
			children = (
				65E383601C9191C400A5FC92 /* Base */,
			);
			name = LaunchScreen.storyboard;
			sourceTree = "<group>";
		};
/* End PBXVariantGroup section */

/* Begin XCBuildConfiguration section */
		65E383631C9191C400A5FC92 /* Debug */ = {
			isa = XCBuildConfiguration;
			buildSettings = {
				ALWAYS_SEARCH_USER_PATHS = NO;
				CLANG_CXX_LANGUAGE_STANDARD = "gnu++0x";
				CLANG_CXX_LIBRARY = "libc++";
				CLANG_ENABLE_MODULES = YES;
				CLANG_ENABLE_OBJC_ARC = YES;
				CLANG_WARN_BOOL_CONVERSION = YES;
				CLANG_WARN_CONSTANT_CONVERSION = YES;
				CLANG_WARN_DIRECT_OBJC_ISA_USAGE = YES_ERROR;
				CLANG_WARN_EMPTY_BODY = YES;
				CLANG_WARN_ENUM_CONVERSION = YES;
				CLANG_WARN_INT_CONVERSION = YES;
				CLANG_WARN_OBJC_ROOT_CLASS = YES_ERROR;
				CLANG_WARN_UNREACHABLE_CODE = YES;
				CLANG_WARN__DUPLICATE_METHOD_MATCH = YES;
				"CODE_SIGN_IDENTITY[sdk=iphoneos*]" = "iPhone Developer";
				COPY_PHASE_STRIP = NO;
				DEBUG_INFORMATION_FORMAT = dwarf;
				ENABLE_STRICT_OBJC_MSGSEND = YES;
				ENABLE_TESTABILITY = YES;
				GCC_C_LANGUAGE_STANDARD = gnu99;
				GCC_DYNAMIC_NO_PIC = NO;
				GCC_NO_COMMON_BLOCKS = YES;
				GCC_OPTIMIZATION_LEVEL = 0;
				GCC_PREPROCESSOR_DEFINITIONS = (
					"DEBUG=1",
					"$(inherited)",
				);
				GCC_WARN_64_TO_32_BIT_CONVERSION = YES;
				GCC_WARN_ABOUT_RETURN_TYPE = YES_ERROR;
				GCC_WARN_UNDECLARED_SELECTOR = YES;
				GCC_WARN_UNINITIALIZED_AUTOS = YES_AGGRESSIVE;
				GCC_WARN_UNUSED_FUNCTION = YES;
				GCC_WARN_UNUSED_VARIABLE = YES;
				IPHONEOS_DEPLOYMENT_TARGET = 9.2;
				MTL_ENABLE_DEBUG_INFO = YES;
				ONLY_ACTIVE_ARCH = YES;
				SDKROOT = iphoneos;
				SWIFT_OPTIMIZATION_LEVEL = "-Onone";
			};
			name = Debug;
		};
		65E383641C9191C400A5FC92 /* Release */ = {
			isa = XCBuildConfiguration;
			buildSettings = {
				ALWAYS_SEARCH_USER_PATHS = NO;
				CLANG_CXX_LANGUAGE_STANDARD = "gnu++0x";
				CLANG_CXX_LIBRARY = "libc++";
				CLANG_ENABLE_MODULES = YES;
				CLANG_ENABLE_OBJC_ARC = YES;
				CLANG_WARN_BOOL_CONVERSION = YES;
				CLANG_WARN_CONSTANT_CONVERSION = YES;
				CLANG_WARN_DIRECT_OBJC_ISA_USAGE = YES_ERROR;
				CLANG_WARN_EMPTY_BODY = YES;
				CLANG_WARN_ENUM_CONVERSION = YES;
				CLANG_WARN_INT_CONVERSION = YES;
				CLANG_WARN_OBJC_ROOT_CLASS = YES_ERROR;
				CLANG_WARN_UNREACHABLE_CODE = YES;
				CLANG_WARN__DUPLICATE_METHOD_MATCH = YES;
				"CODE_SIGN_IDENTITY[sdk=iphoneos*]" = "iPhone Developer";
				COPY_PHASE_STRIP = NO;
				DEBUG_INFORMATION_FORMAT = "dwarf-with-dsym";
				ENABLE_NS_ASSERTIONS = NO;
				ENABLE_STRICT_OBJC_MSGSEND = YES;
				GCC_C_LANGUAGE_STANDARD = gnu99;
				GCC_NO_COMMON_BLOCKS = YES;
				GCC_WARN_64_TO_32_BIT_CONVERSION = YES;
				GCC_WARN_ABOUT_RETURN_TYPE = YES_ERROR;
				GCC_WARN_UNDECLARED_SELECTOR = YES;
				GCC_WARN_UNINITIALIZED_AUTOS = YES_AGGRESSIVE;
				GCC_WARN_UNUSED_FUNCTION = YES;
				GCC_WARN_UNUSED_VARIABLE = YES;
				IPHONEOS_DEPLOYMENT_TARGET = 9.2;
				MTL_ENABLE_DEBUG_INFO = NO;
				SDKROOT = iphoneos;
				VALIDATE_PRODUCT = YES;
			};
			name = Release;
		};
		65E383661C9191C400A5FC92 /* Debug */ = {
			isa = XCBuildConfiguration;
			buildSettings = {
				ASSETCATALOG_COMPILER_APPICON_NAME = AppIcon;
				INFOPLIST_FILE = BNR_Homepwner/Info.plist;
				LD_RUNPATH_SEARCH_PATHS = "$(inherited) @executable_path/Frameworks";
				PRODUCT_BUNDLE_IDENTIFIER = "self.fearless.BNR-Homepwner";
				PRODUCT_NAME = "$(TARGET_NAME)";
			};
			name = Debug;
		};
		65E383671C9191C400A5FC92 /* Release */ = {
			isa = XCBuildConfiguration;
			buildSettings = {
				ASSETCATALOG_COMPILER_APPICON_NAME = AppIcon;
				INFOPLIST_FILE = BNR_Homepwner/Info.plist;
				LD_RUNPATH_SEARCH_PATHS = "$(inherited) @executable_path/Frameworks";
				PRODUCT_BUNDLE_IDENTIFIER = "self.fearless.BNR-Homepwner";
				PRODUCT_NAME = "$(TARGET_NAME)";
			};
			name = Release;
		};
/* End XCBuildConfiguration section */

/* Begin XCConfigurationList section */
		65E3834E1C9191C400A5FC92 /* Build configuration list for PBXProject "BNR_Homepwner" */ = {
			isa = XCConfigurationList;
			buildConfigurations = (
				65E383631C9191C400A5FC92 /* Debug */,
				65E383641C9191C400A5FC92 /* Release */,
			);
			defaultConfigurationIsVisible = 0;
			defaultConfigurationName = Release;
		};
		65E383651C9191C400A5FC92 /* Build configuration list for PBXNativeTarget "BNR_Homepwner" */ = {
			isa = XCConfigurationList;
			buildConfigurations = (
				65E383661C9191C400A5FC92 /* Debug */,
				65E383671C9191C400A5FC92 /* Release */,
			);
			defaultConfigurationIsVisible = 0;
			defaultConfigurationName = Release;
		};
/* End XCConfigurationList section */
	};
	rootObject = 65E3834B1C9191C400A5FC92 /* Project object */;
}
